{
  "name": "fra",
  "version": "1.0.0",
  "lockfileVersion": 1,
  "requires": true,
  "dependencies": {
    "crypto-js": {
      "version": "4.0.0",
      "resolved": "https://registry.npmjs.org/crypto-js/-/crypto-js-4.0.0.tgz",
      "integrity": "sha512-bzHZN8Pn+gS7DQA6n+iUmBfl0hO5DJq++QP3U6uTucDtk/0iGpXd/Gg7CGR0p8tJhofJyaKoWBuJI4eAO00BBg=="
    },
    "uview-ui": {
      "version": "1.8.0",
      "resolved": "https://registry.npmjs.org/uview-ui/-/uview-ui-1.8.0.tgz",
      "integrity": "sha512-eP8dgMY1XITwCm0i8oxTj5zGvPKuil9IXSSzVNddEQXx7iNX+R9U2TzuwsYQORQKWKq65qEf+xfoww/+UsRmyQ=="
    }
  }
}
